
Microsoft Visual Studio Solution File, Format Version 12.00
# Visual Studio Version 16
VisualStudioVersion = 16.0.31410.357
MinimumVisualStudioVersion = 10.0.40219.1
Project("{FAE04EC0-301F-11D3-BF4B-00C04F79EFBC}") = "PickACardUI", "PickACardUI\PickACardUI.csproj", "{D142C044-5175-4866-A601-ECE2195D6BCB}"
EndProject
Global
	GlobalSection(SolutionConfigurationPlatforms) = preSolution
		Debug|Any CPU = Debug|Any CPU
		Release|Any CPU = Release|Any CPU
	EndGlobalSection
	GlobalSection(ProjectConfigurationPlatforms) = postSolution
		{D142C044-5175-4866-A601-ECE2195D6BCB}.Debug|Any CPU.ActiveCfg = Debug|Any CPU
		{D142C044-5175-4866-A601-ECE2195D6BCB}.Debug|Any CPU.Build.0 = Debug|Any CPU
		{D142C044-5175-4866-A601-ECE2195D6BCB}.Release|Any CPU.ActiveCfg = Release|Any CPU
		{D142C044-5175-4866-A601-ECE2195D6BCB}.Release|Any CPU.Build.0 = Release|Any CPU
	EndGlobalSection
	GlobalSection(SolutionProperties) = preSolution
		HideSolutionNode = FALSE
	EndGlobalSection
	GlobalSection(ExtensibilityGlobals) = postSolution
		SolutionGuid = {0A7BA6C8-6FBB-4524-AC78-180D32A5D521}
	EndGlobalSection
EndGlobal
